github.com/goplus/hdq v0.8.4 h1:lS8LJAjndcK9hCl2bnq5vDN2pA31hLp0M6kiehH1f08=
github.com/goplus/hdq v0.8.4/go.mod h1:vRd+C4e58sO2IAJJ9X55ewSkKT6k6nK5o9s03mjyG0I=
github.com/qiniu/x v1.13.12 h1:UyAwja6dgKUOYWZMzzc02wLodwnZ7wmK/0XzRd0e78g=
github.com/qiniu/x v1.13.12/go.mod h1:INZ2TSWSJVWO/RuELQROERcslBwVgFG7MkTfEdaQz9E=
golang.org/x/net v0.36.0 h1:vWF2fRbw4qslQsQzgFqZff+BItCvGFQqKzKIzx1rmoA=
golang.org/x/net v0.36.0/go.mod h1:bFmbeoIPfrw4sMHNhb4J9f6+tPziuGjq7Jk/38fxi1I=
